// !$*UTF8*$!
{
	archiveVersion = 1;
	classes = {
	};
	objectVersion = 46;
	objects = {

/* Begin PBXBuildFile section */
		07D434EA0FF434979577FB01 /* Pods_kratos_framework_Example.framework in Frameworks */ = {isa = PBXBuildFile; fileRef = 99215EA208A65AB74CAD7EA7 /* Pods_kratos_framework_Example.framework */; };
		34248C502187ECCB003C2734 /* Kratos_QuickLoginVC.m in Sources */ = {isa = PBXBuildFile; fileRef = 34248C4F2187ECCB003C2734 /* Kratos_QuickLoginVC.m */; };
		3440325C2180163B0012F468 /* UIImage+kkkk_LoadBundleImage.m in Sources */ = {isa = PBXBuildFile; fileRef = 3440325B2180163B0012F468 /* UIImage+kkkk_LoadBundleImage.m */; };
		3440325F21801E230012F468 /* fwfweew_Tool.m in Sources */ = {isa = PBXBuildFile; fileRef = 3440325E21801E230012F468 /* fwfweew_Tool.m */; };
		34403272218091E90012F468 /* UIView+kkk_viewExtionsion.m in Sources */ = {isa = PBXBuildFile; fileRef = 34403271218091E90012F468 /* UIView+kkk_viewExtionsion.m */; };
		345699F8217F376D007DB410 /* aa_bbPlatform_aa_bb.m in Sources */ = {isa = PBXBuildFile; fileRef = 345699AE217F376D007DB410 /* aa_bbPlatform_aa_bb.m */; };
		345699F9217F376D007DB410 /* ffffff_baseViewController.m in Sources */ = {isa = PBXBuildFile; fileRef = 345699B1217F376D007DB410 /* ffffff_baseViewController.m */; };
		345699FA217F376D007DB410 /* fffffff_MainViewController.m in Sources */ = {isa = PBXBuildFile; fileRef = 345699B3217F376D007DB410 /* fffffff_MainViewController.m */; };
		345699FB217F376D007DB410 /* AFHTTPSessionManager.m in Sources */ = {isa = PBXBuildFile; fileRef = 345699B8217F376D007DB410 /* AFHTTPSessionManager.m */; };
		345699FC217F376D007DB410 /* AFNetworkReachabilityManager.m in Sources */ = {isa = PBXBuildFile; fileRef = 345699BB217F376D007DB410 /* AFNetworkReachabilityManager.m */; };
		345699FD217F376D007DB410 /* AFSecurityPolicy.m in Sources */ = {isa = PBXBuildFile; fileRef = 345699BD217F376D007DB410 /* AFSecurityPolicy.m */; };
		345699FE217F376D007DB410 /* AFURLRequestSerialization.m in Sources */ = {isa = PBXBuildFile; fileRef = 345699BF217F376D007DB410 /* AFURLRequestSerialization.m */; };
		345699FF217F376D007DB410 /* AFURLResponseSerialization.m in Sources */ = {isa = PBXBuildFile; fileRef = 345699C1217F376D007DB410 /* AFURLResponseSerialization.m */; };
		34569A00217F376D007DB410 /* AFURLSessionManager.m in Sources */ = {isa = PBXBuildFile; fileRef = 345699C3217F376D007DB410 /* AFURLSessionManager.m */; };
		34569A01217F376D007DB410 /* MASCompositeConstraint.m in Sources */ = {isa = PBXBuildFile; fileRef = 345699C6217F376D007DB410 /* MASCompositeConstraint.m */; };
		34569A02217F376D007DB410 /* MASConstraint.m in Sources */ = {isa = PBXBuildFile; fileRef = 345699C9217F376D007DB410 /* MASConstraint.m */; };
		34569A03217F376D007DB410 /* MASConstraintMaker.m in Sources */ = {isa = PBXBuildFile; fileRef = 345699CB217F376D007DB410 /* MASConstraintMaker.m */; };
		34569A04217F376D007DB410 /* MASLayoutConstraint.m in Sources */ = {isa = PBXBuildFile; fileRef = 345699CD217F376D007DB410 /* MASLayoutConstraint.m */; };
		34569A05217F376D007DB410 /* MASViewAttribute.m in Sources */ = {isa = PBXBuildFile; fileRef = 345699D1217F376D007DB410 /* MASViewAttribute.m */; };
		34569A06217F376D007DB410 /* MASViewConstraint.m in Sources */ = {isa = PBXBuildFile; fileRef = 345699D3217F376D007DB410 /* MASViewConstraint.m */; };
		34569A07217F376D007DB410 /* NSArray+MASAdditions.m in Sources */ = {isa = PBXBuildFile; fileRef = 345699D5217F376D007DB410 /* NSArray+MASAdditions.m */; };
		34569A08217F376D007DB410 /* NSLayoutConstraint+MASDebugAdditions.m in Sources */ = {isa = PBXBuildFile; fileRef = 345699D8217F376D007DB410 /* NSLayoutConstraint+MASDebugAdditions.m */; };
		34569A09217F376D007DB410 /* View+MASAdditions.m in Sources */ = {isa = PBXBuildFile; fileRef = 345699DA217F376D007DB410 /* View+MASAdditions.m */; };
		34569A0A217F376D007DB410 /* ViewController+MASAdditions.m in Sources */ = {isa = PBXBuildFile; fileRef = 345699DD217F376D007DB410 /* ViewController+MASAdditions.m */; };
		34569A0B217F376D007DB410 /* LICENSE in Resources */ = {isa = PBXBuildFile; fileRef = 345699DF217F376D007DB410 /* LICENSE */; };
		34569A0C217F376D007DB410 /* MBProgressHUD.m in Sources */ = {isa = PBXBuildFile; fileRef = 345699E1217F376D007DB410 /* MBProgressHUD.m */; };
		34569A0D217F376D007DB410 /* README.mdown in Resources */ = {isa = PBXBuildFile; fileRef = 345699E2217F376D007DB410 /* README.mdown */; };
		34569A0E217F376D007DB410 /* TYProgressHUD.m in Sources */ = {isa = PBXBuildFile; fileRef = 345699E4217F376D007DB410 /* TYProgressHUD.m */; };
		34569A0F217F376D007DB410 /* CSAppDelegate.m in Sources */ = {isa = PBXBuildFile; fileRef = 345699E8217F376D007DB410 /* CSAppDelegate.m */; };
		34569A10217F376D007DB410 /* CSViewController.m in Sources */ = {isa = PBXBuildFile; fileRef = 345699EA217F376D007DB410 /* CSViewController.m */; };
		34569A11217F376D007DB410 /* toast.png in Resources */ = {isa = PBXBuildFile; fileRef = 345699ED217F376D007DB410 /* toast.png */; };
		34569A12217F376D007DB410 /* UIView+Toast.m in Sources */ = {isa = PBXBuildFile; fileRef = 345699F0217F376D007DB410 /* UIView+Toast.m */; };
		34569A13217F376D007DB410 /* Toast-Info.plist in Resources */ = {isa = PBXBuildFile; fileRef = 345699F1217F376D007DB410 /* Toast-Info.plist */; };
		346F61922186E29C003F1833 /* Kratos_longzhuInputView.m in Sources */ = {isa = PBXBuildFile; fileRef = 346F617C2186E29C003F1833 /* Kratos_longzhuInputView.m */; };
		346F61932186E29C003F1833 /* Kratos_longzhuloginView.m in Sources */ = {isa = PBXBuildFile; fileRef = 346F617E2186E29C003F1833 /* Kratos_longzhuloginView.m */; };
		346F61942186E29C003F1833 /* aa_bb_account_bb_aa.m in Sources */ = {isa = PBXBuildFile; fileRef = 346F61812186E29C003F1833 /* aa_bb_account_bb_aa.m */; };
		346F61952186E29C003F1833 /* wefwe_InputView.m in Sources */ = {isa = PBXBuildFile; fileRef = 346F61832186E29C003F1833 /* wefwe_InputView.m */; };
		346F61962186E29C003F1833 /* fiw12_agreeView113.m in Sources */ = {isa = PBXBuildFile; fileRef = 346F61872186E29C003F1833 /* fiw12_agreeView113.m */; };
		346F61972186E29C003F1833 /* JKCountDownButton.m in Sources */ = {isa = PBXBuildFile; fileRef = 346F61892186E29C003F1833 /* JKCountDownButton.m */; };
		346F61982186E29C003F1833 /* kwewf_input.m in Sources */ = {isa = PBXBuildFile; fileRef = 346F618B2186E29C003F1833 /* kwewf_input.m */; };
		346F61992186E29C003F1833 /* kwewf_inputCode.m in Sources */ = {isa = PBXBuildFile; fileRef = 346F618D2186E29C003F1833 /* kwewf_inputCode.m */; };
		346F619A2186E29C003F1833 /* kwewf_phoneinput.m in Sources */ = {isa = PBXBuildFile; fileRef = 346F618F2186E29C003F1833 /* kwewf_phoneinput.m */; };
		346F619B2186E29C003F1833 /* kwewf_pwdinput.m in Sources */ = {isa = PBXBuildFile; fileRef = 346F61912186E29C003F1833 /* kwewf_pwdinput.m */; };
		346F619E2186E32A003F1833 /* Kratos_RegisterVC.m in Sources */ = {isa = PBXBuildFile; fileRef = 346F619D2186E32A003F1833 /* Kratos_RegisterVC.m */; };
		346F61A12186E380003F1833 /* Kratos_RegisiterView.m in Sources */ = {isa = PBXBuildFile; fileRef = 346F61A02186E380003F1833 /* Kratos_RegisiterView.m */; };
		346F61A42186E403003F1833 /* Kratos_RegiterInputView.m in Sources */ = {isa = PBXBuildFile; fileRef = 346F61A32186E403003F1833 /* Kratos_RegiterInputView.m */; };
		346F61A72186E546003F1833 /* Kratos_baseView.m in Sources */ = {isa = PBXBuildFile; fileRef = 346F61A62186E546003F1833 /* Kratos_baseView.m */; };
		346F61AA21870C06003F1833 /* Kratos_ForgotVC.m in Sources */ = {isa = PBXBuildFile; fileRef = 346F61A921870C06003F1833 /* Kratos_ForgotVC.m */; };
		347A99D321894BC5002E8B6D /* Kratos_QuickView.m in Sources */ = {isa = PBXBuildFile; fileRef = 347A99D221894BC5002E8B6D /* Kratos_QuickView.m */; };
		347A99D621894FF9002E8B6D /* Kratos_QuickInputView.m in Sources */ = {isa = PBXBuildFile; fileRef = 347A99D521894FF9002E8B6D /* Kratos_QuickInputView.m */; };
		34F97A572181C10E004E8D55 /* Kratos_LongZhuLogin.m in Sources */ = {isa = PBXBuildFile; fileRef = 34F97A562181C10D004E8D55 /* Kratos_LongZhuLogin.m */; };
		34F97A5B2181C281004E8D55 /* Kratos_Presenter.m in Sources */ = {isa = PBXBuildFile; fileRef = 34F97A5A2181C281004E8D55 /* Kratos_Presenter.m */; };
		34F97A5F2181CEF8004E8D55 /* Kratos_HttpPresenter.m in Sources */ = {isa = PBXBuildFile; fileRef = 34F97A5E2181CEF8004E8D55 /* Kratos_HttpPresenter.m */; };
		34F97A622181D007004E8D55 /* Kratos_MainViewControllerPresenter.m in Sources */ = {isa = PBXBuildFile; fileRef = 34F97A612181D007004E8D55 /* Kratos_MainViewControllerPresenter.m */; };
		6003F58E195388D20070C39A /* Foundation.framework in Frameworks */ = {isa = PBXBuildFile; fileRef = 6003F58D195388D20070C39A /* Foundation.framework */; };
		6003F590195388D20070C39A /* CoreGraphics.framework in Frameworks */ = {isa = PBXBuildFile; fileRef = 6003F58F195388D20070C39A /* CoreGraphics.framework */; };
		6003F592195388D20070C39A /* UIKit.framework in Frameworks */ = {isa = PBXBuildFile; fileRef = 6003F591195388D20070C39A /* UIKit.framework */; };
		6003F598195388D20070C39A /* InfoPlist.strings in Resources */ = {isa = PBXBuildFile; fileRef = 6003F596195388D20070C39A /* InfoPlist.strings */; };
		6003F59A195388D20070C39A /* main.m in Sources */ = {isa = PBXBuildFile; fileRef = 6003F599195388D20070C39A /* main.m */; };
		6003F59E195388D20070C39A /* Kratos_AppDelegate.m in Sources */ = {isa = PBXBuildFile; fileRef = 6003F59D195388D20070C39A /* Kratos_AppDelegate.m */; };
		6003F5A7195388D20070C39A /* Kratos_ViewController.m in Sources */ = {isa = PBXBuildFile; fileRef = 6003F5A6195388D20070C39A /* Kratos_ViewController.m */; };
		6003F5A9195388D20070C39A /* Images.xcassets in Resources */ = {isa = PBXBuildFile; fileRef = 6003F5A8195388D20070C39A /* Images.xcassets */; };
		6003F5B0195388D20070C39A /* XCTest.framework in Frameworks */ = {isa = PBXBuildFile; fileRef = 6003F5AF195388D20070C39A /* XCTest.framework */; };
		6003F5B1195388D20070C39A /* Foundation.framework in Frameworks */ = {isa = PBXBuildFile; fileRef = 6003F58D195388D20070C39A /* Foundation.framework */; };
		6003F5B2195388D20070C39A /* UIKit.framework in Frameworks */ = {isa = PBXBuildFile; fileRef = 6003F591195388D20070C39A /* UIKit.framework */; };
		6003F5BA195388D20070C39A /* InfoPlist.strings in Resources */ = {isa = PBXBuildFile; fileRef = 6003F5B8195388D20070C39A /* InfoPlist.strings */; };
		6003F5BC195388D20070C39A /* Tests.m in Sources */ = {isa = PBXBuildFile; fileRef = 6003F5BB195388D20070C39A /* Tests.m */; };
		6B7ADF0A608DAB04A59C9453 /* Pods_kratos_framework_Tests.framework in Frameworks */ = {isa = PBXBuildFile; fileRef = 364F8FD93351131546BD8AA4 /* Pods_kratos_framework_Tests.framework */; };
		71719F9F1E33DC2100824A3D /* LaunchScreen.storyboard in Resources */ = {isa = PBXBuildFile; fileRef = 71719F9D1E33DC2100824A3D /* LaunchScreen.storyboard */; };
		873B8AEB1B1F5CCA007FD442 /* Main.storyboard in Resources */ = {isa = PBXBuildFile; fileRef = 873B8AEA1B1F5CCA007FD442 /* Main.storyboard */; };
/* End PBXBuildFile section */

/* Begin PBXContainerItemProxy section */
		6003F5B3195388D20070C39A /* PBXContainerItemProxy */ = {
			isa = PBXContainerItemProxy;
			containerPortal = 6003F582195388D10070C39A /* Project object */;
			proxyType = 1;
			remoteGlobalIDString = 6003F589195388D20070C39A;
			remoteInfo = kratos_framework;
		};
/* End PBXContainerItemProxy section */

/* Begin PBXFileReference section */
		0F93714AE47D1B29B303E416 /* README.md */ = {isa = PBXFileReference; includeInIndex = 1; lastKnownFileType = net.daringfireball.markdown; name = README.md; path = ../README.md; sourceTree = "<group>"; };
		34248C4E2187ECCB003C2734 /* Kratos_QuickLoginVC.h */ = {isa = PBXFileReference; lastKnownFileType = sourcecode.c.h; path = Kratos_QuickLoginVC.h; sourceTree = "<group>"; };
		34248C4F2187ECCB003C2734 /* Kratos_QuickLoginVC.m */ = {isa = PBXFileReference; lastKnownFileType = sourcecode.c.objc; path = Kratos_QuickLoginVC.m; sourceTree = "<group>"; };
		3440325A2180163B0012F468 /* UIImage+kkkk_LoadBundleImage.h */ = {isa = PBXFileReference; lastKnownFileType = sourcecode.c.h; path = "UIImage+kkkk_LoadBundleImage.h"; sourceTree = "<group>"; };
		3440325B2180163B0012F468 /* UIImage+kkkk_LoadBundleImage.m */ = {isa = PBXFileReference; lastKnownFileType = sourcecode.c.objc; path = "UIImage+kkkk_LoadBundleImage.m"; sourceTree = "<group>"; };
		3440325D21801E230012F468 /* fwfweew_Tool.h */ = {isa = PBXFileReference; lastKnownFileType = sourcecode.c.h; path = fwfweew_Tool.h; sourceTree = "<group>"; };
		3440325E21801E230012F468 /* fwfweew_Tool.m */ = {isa = PBXFileReference; lastKnownFileType = sourcecode.c.objc; path = fwfweew_Tool.m; sourceTree = "<group>"; };
		34403270218091E90012F468 /* UIView+kkk_viewExtionsion.h */ = {isa = PBXFileReference; lastKnownFileType = sourcecode.c.h; path = "UIView+kkk_viewExtionsion.h"; sourceTree = "<group>"; };
		34403271218091E90012F468 /* UIView+kkk_viewExtionsion.m */ = {isa = PBXFileReference; lastKnownFileType = sourcecode.c.objc; path = "UIView+kkk_viewExtionsion.m"; sourceTree = "<group>"; };
		345699AD217F376D007DB410 /* aa_bbPlatform_aa_bb.h */ = {isa = PBXFileReference; fileEncoding = 4; lastKnownFileType = sourcecode.c.h; path = aa_bbPlatform_aa_bb.h; sourceTree = "<group>"; };
		345699AE217F376D007DB410 /* aa_bbPlatform_aa_bb.m */ = {isa = PBXFileReference; fileEncoding = 4; lastKnownFileType = sourcecode.c.objc; path = aa_bbPlatform_aa_bb.m; sourceTree = "<group>"; };
		345699B0217F376D007DB410 /* ffffff_baseViewController.h */ = {isa = PBXFileReference; fileEncoding = 4; lastKnownFileType = sourcecode.c.h; path = ffffff_baseViewController.h; sourceTree = "<group>"; };
		345699B1217F376D007DB410 /* ffffff_baseViewController.m */ = {isa = PBXFileReference; fileEncoding = 4; lastKnownFileType = sourcecode.c.objc; path = ffffff_baseViewController.m; sourceTree = "<group>"; };
		345699B2217F376D007DB410 /* fffffff_MainViewController.h */ = {isa = PBXFileReference; fileEncoding = 4; lastKnownFileType = sourcecode.c.h; path = fffffff_MainViewController.h; sourceTree = "<group>"; };
		345699B3217F376D007DB410 /* fffffff_MainViewController.m */ = {isa = PBXFileReference; fileEncoding = 4; lastKnownFileType = sourcecode.c.objc; path = fffffff_MainViewController.m; sourceTree = "<group>"; };
		345699B4217F376D007DB410 /* k_const.h */ = {isa = PBXFileReference; fileEncoding = 4; lastKnownFileType = sourcecode.c.h; path = k_const.h; sourceTree = "<group>"; };
		345699B7217F376D007DB410 /* AFHTTPSessionManager.h */ = {isa = PBXFileReference; fileEncoding = 4; lastKnownFileType = sourcecode.c.h; path = AFHTTPSessionManager.h; sourceTree = "<group>"; };
		345699B8217F376D007DB410 /* AFHTTPSessionManager.m */ = {isa = PBXFileReference; fileEncoding = 4; lastKnownFileType = sourcecode.c.objc; path = AFHTTPSessionManager.m; sourceTree = "<group>"; };
		345699B9217F376D007DB410 /* AFNetworking.h */ = {isa = PBXFileReference; fileEncoding = 4; lastKnownFileType = sourcecode.c.h; path = AFNetworking.h; sourceTree = "<group>"; };
		345699BA217F376D007DB410 /* AFNetworkReachabilityManager.h */ = {isa = PBXFileReference; fileEncoding = 4; lastKnownFileType = sourcecode.c.h; path = AFNetworkReachabilityManager.h; sourceTree = "<group>"; };
		345699BB217F376D007DB410 /* AFNetworkReachabilityManager.m */ = {isa = PBXFileReference; fileEncoding = 4; lastKnownFileType = sourcecode.c.objc; path = AFNetworkReachabilityManager.m; sourceTree = "<group>"; };
		345699BC217F376D007DB410 /* AFSecurityPolicy.h */ = {isa = PBXFileReference; fileEncoding = 4; lastKnownFileType = sourcecode.c.h; path = AFSecurityPolicy.h; sourceTree = "<group>"; };
		345699BD217F376D007DB410 /* AFSecurityPolicy.m */ = {isa = PBXFileReference; fileEncoding = 4; lastKnownFileType = sourcecode.c.objc; path = AFSecurityPolicy.m; sourceTree = "<group>"; };
		345699BE217F376D007DB410 /* AFURLRequestSerialization.h */ = {isa = PBXFileReference; fileEncoding = 4; lastKnownFileType = sourcecode.c.h; path = AFURLRequestSerialization.h; sourceTree = "<group>"; };
		345699BF217F376D007DB410 /* AFURLRequestSerialization.m */ = {isa = PBXFileReference; fileEncoding = 4; lastKnownFileType = sourcecode.c.objc; path = AFURLRequestSerialization.m; sourceTree = "<group>"; };
		345699C0217F376D007DB410 /* AFURLResponseSerialization.h */ = {isa = PBXFileReference; fileEncoding = 4; lastKnownFileType = sourcecode.c.h; path = AFURLResponseSerialization.h; sourceTree = "<group>"; };
		345699C1217F376D007DB410 /* AFURLResponseSerialization.m */ = {isa = PBXFileReference; fileEncoding = 4; lastKnownFileType = sourcecode.c.objc; path = AFURLResponseSerialization.m; sourceTree = "<group>"; };
		345699C2217F376D007DB410 /* AFURLSessionManager.h */ = {isa = PBXFileReference; fileEncoding = 4; lastKnownFileType = sourcecode.c.h; path = AFURLSessionManager.h; sourceTree = "<group>"; };
		345699C3217F376D007DB410 /* AFURLSessionManager.m */ = {isa = PBXFileReference; fileEncoding = 4; lastKnownFileType = sourcecode.c.objc; path = AFURLSessionManager.m; sourceTree = "<group>"; };
		345699C5217F376D007DB410 /* MASCompositeConstraint.h */ = {isa = PBXFileReference; fileEncoding = 4; lastKnownFileType = sourcecode.c.h; path = MASCompositeConstraint.h; sourceTree = "<group>"; };
		345699C6217F376D007DB410 /* MASCompositeConstraint.m */ = {isa = PBXFileReference; fileEncoding = 4; lastKnownFileType = sourcecode.c.objc; path = MASCompositeConstraint.m; sourceTree = "<group>"; };
		345699C7217F376D007DB410 /* MASConstraint+Private.h */ = {isa = PBXFileReference; fileEncoding = 4; lastKnownFileType = sourcecode.c.h; path = "MASConstraint+Private.h"; sourceTree = "<group>"; };
		345699C8217F376D007DB410 /* MASConstraint.h */ = {isa = PBXFileReference; fileEncoding = 4; lastKnownFileType = sourcecode.c.h; path = MASConstraint.h; sourceTree = "<group>"; };
		345699C9217F376D007DB410 /* MASConstraint.m */ = {isa = PBXFileReference; fileEncoding = 4; lastKnownFileType = sourcecode.c.objc; path = MASConstraint.m; sourceTree = "<group>"; };
		345699CA217F376D007DB410 /* MASConstraintMaker.h */ = {isa = PBXFileReference; fileEncoding = 4; lastKnownFileType = sourcecode.c.h; path = MASConstraintMaker.h; sourceTree = "<group>"; };
		345699CB217F376D007DB410 /* MASConstraintMaker.m */ = {isa = PBXFileReference; fileEncoding = 4; lastKnownFileType = sourcecode.c.objc; path = MASConstraintMaker.m; sourceTree = "<group>"; };
		345699CC217F376D007DB410 /* MASLayoutConstraint.h */ = {isa = PBXFileReference; fileEncoding = 4; lastKnownFileType = sourcecode.c.h; path = MASLayoutConstraint.h; sourceTree = "<group>"; };
		345699CD217F376D007DB410 /* MASLayoutConstraint.m */ = {isa = PBXFileReference; fileEncoding = 4; lastKnownFileType = sourcecode.c.objc; path = MASLayoutConstraint.m; sourceTree = "<group>"; };
		345699CE217F376D007DB410 /* Masonry.h */ = {isa = PBXFileReference; fileEncoding = 4; lastKnownFileType = sourcecode.c.h; path = Masonry.h; sourceTree = "<group>"; };
		345699CF217F376D007DB410 /* MASUtilities.h */ = {isa = PBXFileReference; fileEncoding = 4; lastKnownFileType = sourcecode.c.h; path = MASUtilities.h; sourceTree = "<group>"; };
		345699D0217F376D007DB410 /* MASViewAttribute.h */ = {isa = PBXFileReference; fileEncoding = 4; lastKnownFileType = sourcecode.c.h; path = MASViewAttribute.h; sourceTree = "<group>"; };
		345699D1217F376D007DB410 /* MASViewAttribute.m */ = {isa = PBXFileReference; fileEncoding = 4; lastKnownFileType = sourcecode.c.objc; path = MASViewAttribute.m; sourceTree = "<group>"; };
		345699D2217F376D007DB410 /* MASViewConstraint.h */ = {isa = PBXFileReference; fileEncoding = 4; lastKnownFileType = sourcecode.c.h; path = MASViewConstraint.h; sourceTree = "<group>"; };
		345699D3217F376D007DB410 /* MASViewConstraint.m */ = {isa = PBXFileReference; fileEncoding = 4; lastKnownFileType = sourcecode.c.objc; path = MASViewConstraint.m; sourceTree = "<group>"; };
		345699D4217F376D007DB410 /* NSArray+MASAdditions.h */ = {isa = PBXFileReference; fileEncoding = 4; lastKnownFileType = sourcecode.c.h; path = "NSArray+MASAdditions.h"; sourceTree = "<group>"; };
		345699D5217F376D007DB410 /* NSArray+MASAdditions.m */ = {isa = PBXFileReference; fileEncoding = 4; lastKnownFileType = sourcecode.c.objc; path = "NSArray+MASAdditions.m"; sourceTree = "<group>"; };
		345699D6217F376D007DB410 /* NSArray+MASShorthandAdditions.h */ = {isa = PBXFileReference; fileEncoding = 4; lastKnownFileType = sourcecode.c.h; path = "NSArray+MASShorthandAdditions.h"; sourceTree = "<group>"; };
		345699D7217F376D007DB410 /* NSLayoutConstraint+MASDebugAdditions.h */ = {isa = PBXFileReference; fileEncoding = 4; lastKnownFileType = sourcecode.c.h; path = "NSLayoutConstraint+MASDebugAdditions.h"; sourceTree = "<group>"; };
		345699D8217F376D007DB410 /* NSLayoutConstraint+MASDebugAdditions.m */ = {isa = PBXFileReference; fileEncoding = 4; lastKnownFileType = sourcecode.c.objc; path = "NSLayoutConstraint+MASDebugAdditions.m"; sourceTree = "<group>"; };
		345699D9217F376D007DB410 /* View+MASAdditions.h */ = {isa = PBXFileReference; fileEncoding = 4; lastKnownFileType = sourcecode.c.h; path = "View+MASAdditions.h"; sourceTree = "<group>"; };
		345699DA217F376D007DB410 /* View+MASAdditions.m */ = {isa = PBXFileReference; fileEncoding = 4; lastKnownFileType = sourcecode.c.objc; path = "View+MASAdditions.m"; sourceTree = "<group>"; };
		345699DB217F376D007DB410 /* View+MASShorthandAdditions.h */ = {isa = PBXFileReference; fileEncoding = 4; lastKnownFileType = sourcecode.c.h; path = "View+MASShorthandAdditions.h"; sourceTree = "<group>"; };
		345699DC217F376D007DB410 /* ViewController+MASAdditions.h */ = {isa = PBXFileReference; fileEncoding = 4; lastKnownFileType = sourcecode.c.h; path = "ViewController+MASAdditions.h"; sourceTree = "<group>"; };
		345699DD217F376D007DB410 /* ViewController+MASAdditions.m */ = {isa = PBXFileReference; fileEncoding = 4; lastKnownFileType = sourcecode.c.objc; path = "ViewController+MASAdditions.m"; sourceTree = "<group>"; };
		345699DF217F376D007DB410 /* LICENSE */ = {isa = PBXFileReference; fileEncoding = 4; lastKnownFileType = text; path = LICENSE; sourceTree = "<group>"; };
		345699E0217F376D007DB410 /* MBProgressHUD.h */ = {isa = PBXFileReference; fileEncoding = 4; lastKnownFileType = sourcecode.c.h; path = MBProgressHUD.h; sourceTree = "<group>"; };
		345699E1217F376D007DB410 /* MBProgressHUD.m */ = {isa = PBXFileReference; fileEncoding = 4; lastKnownFileType = sourcecode.c.objc; path = MBProgressHUD.m; sourceTree = "<group>"; };
		345699E2217F376D007DB410 /* README.mdown */ = {isa = PBXFileReference; fileEncoding = 4; lastKnownFileType = net.daringfireball.markdown; path = README.mdown; sourceTree = "<group>"; };
		345699E3217F376D007DB410 /* TYProgressHUD.h */ = {isa = PBXFileReference; fileEncoding = 4; lastKnownFileType = sourcecode.c.h; path = TYProgressHUD.h; sourceTree = "<group>"; };
		345699E4217F376D007DB410 /* TYProgressHUD.m */ = {isa = PBXFileReference; fileEncoding = 4; lastKnownFileType = sourcecode.c.objc; path = TYProgressHUD.m; sourceTree = "<group>"; };
		345699E7217F376D007DB410 /* CSAppDelegate.h */ = {isa = PBXFileReference; fileEncoding = 4; lastKnownFileType = sourcecode.c.h; path = CSAppDelegate.h; sourceTree = "<group>"; };
		345699E8217F376D007DB410 /* CSAppDelegate.m */ = {isa = PBXFileReference; fileEncoding = 4; lastKnownFileType = sourcecode.c.objc; path = CSAppDelegate.m; sourceTree = "<group>"; };
		345699E9217F376D007DB410 /* CSViewController.h */ = {isa = PBXFileReference; fileEncoding = 4; lastKnownFileType = sourcecode.c.h; path = CSViewController.h; sourceTree = "<group>"; };
		345699EA217F376D007DB410 /* CSViewController.m */ = {isa = PBXFileReference; fileEncoding = 4; lastKnownFileType = sourcecode.c.objc; path = CSViewController.m; sourceTree = "<group>"; };
		345699ED217F376D007DB410 /* toast.png */ = {isa = PBXFileReference; lastKnownFileType = image.png; path = toast.png; sourceTree = "<group>"; };
		345699EF217F376D007DB410 /* UIView+Toast.h */ = {isa = PBXFileReference; fileEncoding = 4; lastKnownFileType = sourcecode.c.h; path = "UIView+Toast.h"; sourceTree = "<group>"; };
		345699F0217F376D007DB410 /* UIView+Toast.m */ = {isa = PBXFileReference; fileEncoding = 4; lastKnownFileType = sourcecode.c.objc; path = "UIView+Toast.m"; sourceTree = "<group>"; };
		345699F1217F376D007DB410 /* Toast-Info.plist */ = {isa = PBXFileReference; fileEncoding = 4; lastKnownFileType = text.plist.xml; path = "Toast-Info.plist"; sourceTree = "<group>"; };
		345699F2217F376D007DB410 /* Toast-Prefix.pch */ = {isa = PBXFileReference; fileEncoding = 4; lastKnownFileType = sourcecode.c.h; path = "Toast-Prefix.pch"; sourceTree = "<group>"; };
		345699F3217F376D007DB410 /* single.h */ = {isa = PBXFileReference; fileEncoding = 4; lastKnownFileType = sourcecode.c.h; path = single.h; sourceTree = "<group>"; };
		346F617B2186E29C003F1833 /* Kratos_longzhuInputView.h */ = {isa = PBXFileReference; fileEncoding = 4; lastKnownFileType = sourcecode.c.h; path = Kratos_longzhuInputView.h; sourceTree = "<group>"; };
		346F617C2186E29C003F1833 /* Kratos_longzhuInputView.m */ = {isa = PBXFileReference; fileEncoding = 4; lastKnownFileType = sourcecode.c.objc; path = Kratos_longzhuInputView.m; sourceTree = "<group>"; };
		346F617D2186E29C003F1833 /* Kratos_longzhuloginView.h */ = {isa = PBXFileReference; fileEncoding = 4; lastKnownFileType = sourcecode.c.h; path = Kratos_longzhuloginView.h; sourceTree = "<group>"; };
		346F617E2186E29C003F1833 /* Kratos_longzhuloginView.m */ = {isa = PBXFileReference; fileEncoding = 4; lastKnownFileType = sourcecode.c.objc; path = Kratos_longzhuloginView.m; sourceTree = "<group>"; };
		346F61802186E29C003F1833 /* aa_bb_account_bb_aa.h */ = {isa = PBXFileReference; fileEncoding = 4; lastKnownFileType = sourcecode.c.h; path = aa_bb_account_bb_aa.h; sourceTree = "<group>"; };
		346F61812186E29C003F1833 /* aa_bb_account_bb_aa.m */ = {isa = PBXFileReference; fileEncoding = 4; lastKnownFileType = sourcecode.c.objc; path = aa_bb_account_bb_aa.m; sourceTree = "<group>"; };
		346F61822186E29C003F1833 /* wefwe_InputView.h */ = {isa = PBXFileReference; fileEncoding = 4; lastKnownFileType = sourcecode.c.h; path = wefwe_InputView.h; sourceTree = "<group>"; };
		346F61832186E29C003F1833 /* wefwe_InputView.m */ = {isa = PBXFileReference; fileEncoding = 4; lastKnownFileType = sourcecode.c.objc; path = wefwe_InputView.m; sourceTree = "<group>"; };
		346F61862186E29C003F1833 /* fiw12_agreeView113.h */ = {isa = PBXFileReference; fileEncoding = 4; lastKnownFileType = sourcecode.c.h; path = fiw12_agreeView113.h; sourceTree = "<group>"; };
		346F61872186E29C003F1833 /* fiw12_agreeView113.m */ = {isa = PBXFileReference; fileEncoding = 4; lastKnownFileType = sourcecode.c.objc; path = fiw12_agreeView113.m; sourceTree = "<group>"; };
		346F61882186E29C003F1833 /* JKCountDownButton.h */ = {isa = PBXFileReference; fileEncoding = 4; lastKnownFileType = sourcecode.c.h; path = JKCountDownButton.h; sourceTree = "<group>"; };
		346F61892186E29C003F1833 /* JKCountDownButton.m */ = {isa = PBXFileReference; fileEncoding = 4; lastKnownFileType = sourcecode.c.objc; path = JKCountDownButton.m; sourceTree = "<group>"; };
		346F618A2186E29C003F1833 /* kwewf_input.h */ = {isa = PBXFileReference; fileEncoding = 4; lastKnownFileType = sourcecode.c.h; path = kwewf_input.h; sourceTree = "<group>"; };
		346F618B2186E29C003F1833 /* kwewf_input.m */ = {isa = PBXFileReference; fileEncoding = 4; lastKnownFileType = sourcecode.c.objc; path = kwewf_input.m; sourceTree = "<group>"; };
		346F618C2186E29C003F1833 /* kwewf_inputCode.h */ = {isa = PBXFileReference; fileEncoding = 4; lastKnownFileType = sourcecode.c.h; path = kwewf_inputCode.h; sourceTree = "<group>"; };
		346F618D2186E29C003F1833 /* kwewf_inputCode.m */ = {isa = PBXFileReference; fileEncoding = 4; lastKnownFileType = sourcecode.c.objc; path = kwewf_inputCode.m; sourceTree = "<group>"; };
		346F618E2186E29C003F1833 /* kwewf_phoneinput.h */ = {isa = PBXFileReference; fileEncoding = 4; lastKnownFileType = sourcecode.c.h; path = kwewf_phoneinput.h; sourceTree = "<group>"; };
		346F618F2186E29C003F1833 /* kwewf_phoneinput.m */ = {isa = PBXFileReference; fileEncoding = 4; lastKnownFileType = sourcecode.c.objc; path = kwewf_phoneinput.m; sourceTree = "<group>"; };
		346F61902186E29C003F1833 /* kwewf_pwdinput.h */ = {isa = PBXFileReference; fileEncoding = 4; lastKnownFileType = sourcecode.c.h; path = kwewf_pwdinput.h; sourceTree = "<group>"; };
		346F61912186E29C003F1833 /* kwewf_pwdinput.m */ = {isa = PBXFileReference; fileEncoding = 4; lastKnownFileType = sourcecode.c.objc; path = kwewf_pwdinput.m; sourceTree = "<group>"; };
		346F619C2186E32A003F1833 /* Kratos_RegisterVC.h */ = {isa = PBXFileReference; lastKnownFileType = sourcecode.c.h; path = Kratos_RegisterVC.h; sourceTree = "<group>"; };
		346F619D2186E32A003F1833 /* Kratos_RegisterVC.m */ = {isa = PBXFileReference; lastKnownFileType = sourcecode.c.objc; path = Kratos_RegisterVC.m; sourceTree = "<group>"; };
		346F619F2186E380003F1833 /* Kratos_RegisiterView.h */ = {isa = PBXFileReference; lastKnownFileType = sourcecode.c.h; path = Kratos_RegisiterView.h; sourceTree = "<group>"; };
		346F61A02186E380003F1833 /* Kratos_RegisiterView.m */ = {isa = PBXFileReference; lastKnownFileType = sourcecode.c.objc; path = Kratos_RegisiterView.m; sourceTree = "<group>"; };
		346F61A22186E403003F1833 /* Kratos_RegiterInputView.h */ = {isa = PBXFileReference; lastKnownFileType = sourcecode.c.h; path = Kratos_RegiterInputView.h; sourceTree = "<group>"; };
		346F61A32186E403003F1833 /* Kratos_RegiterInputView.m */ = {isa = PBXFileReference; lastKnownFileType = sourcecode.c.objc; path = Kratos_RegiterInputView.m; sourceTree = "<group>"; };
		346F61A52186E546003F1833 /* Kratos_baseView.h */ = {isa = PBXFileReference; lastKnownFileType = sourcecode.c.h; path = Kratos_baseView.h; sourceTree = "<group>"; };
		346F61A62186E546003F1833 /* Kratos_baseView.m */ = {isa = PBXFileReference; lastKnownFileType = sourcecode.c.objc; path = Kratos_baseView.m; sourceTree = "<group>"; };
		346F61A821870C06003F1833 /* Kratos_ForgotVC.h */ = {isa = PBXFileReference; lastKnownFileType = sourcecode.c.h; path = Kratos_ForgotVC.h; sourceTree = "<group>"; };
		346F61A921870C06003F1833 /* Kratos_ForgotVC.m */ = {isa = PBXFileReference; lastKnownFileType = sourcecode.c.objc; path = Kratos_ForgotVC.m; sourceTree = "<group>"; };
		347A99D121894BC5002E8B6D /* Kratos_QuickView.h */ = {isa = PBXFileReference; lastKnownFileType = sourcecode.c.h; path = Kratos_QuickView.h; sourceTree = "<group>"; };
		347A99D221894BC5002E8B6D /* Kratos_QuickView.m */ = {isa = PBXFileReference; lastKnownFileType = sourcecode.c.objc; path = Kratos_QuickView.m; sourceTree = "<group>"; };
		347A99D421894FF9002E8B6D /* Kratos_QuickInputView.h */ = {isa = PBXFileReference; lastKnownFileType = sourcecode.c.h; path = Kratos_QuickInputView.h; sourceTree = "<group>"; };
		347A99D521894FF9002E8B6D /* Kratos_QuickInputView.m */ = {isa = PBXFileReference; lastKnownFileType = sourcecode.c.objc; path = Kratos_QuickInputView.m; sourceTree = "<group>"; };
		34F97A552181C10D004E8D55 /* Kratos_LongZhuLogin.h */ = {isa = PBXFileReference; lastKnownFileType = sourcecode.c.h; path = Kratos_LongZhuLogin.h; sourceTree = "<group>"; };
		34F97A562181C10D004E8D55 /* Kratos_LongZhuLogin.m */ = {isa = PBXFileReference; lastKnownFileType = sourcecode.c.objc; path = Kratos_LongZhuLogin.m; sourceTree = "<group>"; };
		34F97A592181C281004E8D55 /* Kratos_Presenter.h */ = {isa = PBXFileReference; lastKnownFileType = sourcecode.c.h; path = Kratos_Presenter.h; sourceTree = "<group>"; };
		34F97A5A2181C281004E8D55 /* Kratos_Presenter.m */ = {isa = PBXFileReference; lastKnownFileType = sourcecode.c.objc; path = Kratos_Presenter.m; sourceTree = "<group>"; };
		34F97A5D2181CEF8004E8D55 /* Kratos_HttpPresenter.h */ = {isa = PBXFileReference; lastKnownFileType = sourcecode.c.h; path = Kratos_HttpPresenter.h; sourceTree = "<group>"; };
		34F97A5E2181CEF8004E8D55 /* Kratos_HttpPresenter.m */ = {isa = PBXFileReference; lastKnownFileType = sourcecode.c.objc; path = Kratos_HttpPresenter.m; sourceTree = "<group>"; };
		34F97A602181D007004E8D55 /* Kratos_MainViewControllerPresenter.h */ = {isa = PBXFileReference; lastKnownFileType = sourcecode.c.h; path = Kratos_MainViewControllerPresenter.h; sourceTree = "<group>"; };
		34F97A612181D007004E8D55 /* Kratos_MainViewControllerPresenter.m */ = {isa = PBXFileReference; lastKnownFileType = sourcecode.c.objc; path = Kratos_MainViewControllerPresenter.m; sourceTree = "<group>"; };
		34F97A642181D0ED004E8D55 /* Kratos_LoadDataProtocol.h */ = {isa = PBXFileReference; lastKnownFileType = sourcecode.c.h; path = Kratos_LoadDataProtocol.h; sourceTree = "<group>"; };
		364F8FD93351131546BD8AA4 /* Pods_kratos_framework_Tests.framework */ = {isa = PBXFileReference; explicitFileType = wrapper.framework; includeInIndex = 0; path = Pods_kratos_framework_Tests.framework; sourceTree = BUILT_PRODUCTS_DIR; };
		50FB6E8781DBEDA46BB52168 /* Pods-kratos_framework_Tests.release.xcconfig */ = {isa = PBXFileReference; includeInIndex = 1; lastKnownFileType = text.xcconfig; name = "Pods-kratos_framework_Tests.release.xcconfig"; path = "Pods/Target Support Files/Pods-kratos_framework_Tests/Pods-kratos_framework_Tests.release.xcconfig"; sourceTree = "<group>"; };
		57C757635FCE80BA98C716E2 /* kratos_framework.podspec */ = {isa = PBXFileReference; includeInIndex = 1; lastKnownFileType = text; name = kratos_framework.podspec; path = ../kratos_framework.podspec; sourceTree = "<group>"; };
		6003F58A195388D20070C39A /* kratos_framework_Example.app */ = {isa = PBXFileReference; explicitFileType = wrapper.application; includeInIndex = 0; path = kratos_framework_Example.app; sourceTree = BUILT_PRODUCTS_DIR; };
		6003F58D195388D20070C39A /* Foundation.framework */ = {isa = PBXFileReference; lastKnownFileType = wrapper.framework; name = Foundation.framework; path = System/Library/Frameworks/Foundation.framework; sourceTree = SDKROOT; };
		6003F58F195388D20070C39A /* CoreGraphics.framework */ = {isa = PBXFileReference; lastKnownFileType = wrapper.framework; name = CoreGraphics.framework; path = System/Library/Frameworks/CoreGraphics.framework; sourceTree = SDKROOT; };
		6003F591195388D20070C39A /* UIKit.framework */ = {isa = PBXFileReference; lastKnownFileType = wrapper.framework; name = UIKit.framework; path = System/Library/Frameworks/UIKit.framework; sourceTree = SDKROOT; };
		6003F595195388D20070C39A /* kratos_framework-Info.plist */ = {isa = PBXFileReference; lastKnownFileType = text.plist.xml; path = "kratos_framework-Info.plist"; sourceTree = "<group>"; };
		6003F597195388D20070C39A /* en */ = {isa = PBXFileReference; lastKnownFileType = text.plist.strings; name = en; path = en.lproj/InfoPlist.strings; sourceTree = "<group>"; };
		6003F599195388D20070C39A /* main.m */ = {isa = PBXFileReference; lastKnownFileType = sourcecode.c.objc; path = main.m; sourceTree = "<group>"; };
		6003F59B195388D20070C39A /* kratos_framework-Prefix.pch */ = {isa = PBXFileReference; lastKnownFileType = sourcecode.c.h; path = "kratos_framework-Prefix.pch"; sourceTree = "<group>"; };
		6003F59C195388D20070C39A /* Kratos_AppDelegate.h */ = {isa = PBXFileReference; lastKnownFileType = sourcecode.c.h; path = Kratos_AppDelegate.h; sourceTree = "<group>"; };
		6003F59D195388D20070C39A /* Kratos_AppDelegate.m */ = {isa = PBXFileReference; lastKnownFileType = sourcecode.c.objc; path = Kratos_AppDelegate.m; sourceTree = "<group>"; };
		6003F5A5195388D20070C39A /* Kratos_ViewController.h */ = {isa = PBXFileReference; lastKnownFileType = sourcecode.c.h; path = Kratos_ViewController.h; sourceTree = "<group>"; };
		6003F5A6195388D20070C39A /* Kratos_ViewController.m */ = {isa = PBXFileReference; lastKnownFileType = sourcecode.c.objc; path = Kratos_ViewController.m; sourceTree = "<group>"; };
		6003F5A8195388D20070C39A /* Images.xcassets */ = {isa = PBXFileReference; lastKnownFileType = folder.assetcatalog; path = Images.xcassets; sourceTree = "<group>"; };
		6003F5AE195388D20070C39A /* kratos_framework_Tests.xctest */ = {isa = PBXFileReference; explicitFileType = wrapper.cfbundle; includeInIndex = 0; path = kratos_framework_Tests.xctest; sourceTree = BUILT_PRODUCTS_DIR; };
		6003F5AF195388D20070C39A /* XCTest.framework */ = {isa = PBXFileReference; lastKnownFileType = wrapper.framework; name = XCTest.framework; path = Library/Frameworks/XCTest.framework; sourceTree = DEVELOPER_DIR; };
		6003F5B7195388D20070C39A /* Tests-Info.plist */ = {isa = PBXFileReference; lastKnownFileType = text.plist.xml; path = "Tests-Info.plist"; sourceTree = "<group>"; };
		6003F5B9195388D20070C39A /* en */ = {isa = PBXFileReference; lastKnownFileType = text.plist.strings; name = en; path = en.lproj/InfoPlist.strings; sourceTree = "<group>"; };
		6003F5BB195388D20070C39A /* Tests.m */ = {isa = PBXFileReference; lastKnownFileType = sourcecode.c.objc; path = Tests.m; sourceTree = "<group>"; };
		606FC2411953D9B200FFA9A0 /* Tests-Prefix.pch */ = {isa = PBXFileReference; lastKnownFileType = sourcecode.c.h; path = "Tests-Prefix.pch"; sourceTree = "<group>"; };
		71719F9E1E33DC2100824A3D /* Base */ = {isa = PBXFileReference; lastKnownFileType = file.storyboard; name = Base; path = Base.lproj/LaunchScreen.storyboard; sourceTree = "<group>"; };
		873B8AEA1B1F5CCA007FD442 /* Main.storyboard */ = {isa = PBXFileReference; fileEncoding = 4; lastKnownFileType = file.storyboard; name = Main.storyboard; path = Base.lproj/Main.storyboard; sourceTree = "<group>"; };
		96D159D0DD566E8C47C49B79 /* Pods-kratos_framework_Example.release.xcconfig */ = {isa = PBXFileReference; includeInIndex = 1; lastKnownFileType = text.xcconfig; name = "Pods-kratos_framework_Example.release.xcconfig"; path = "Pods/Target Support Files/Pods-kratos_framework_Example/Pods-kratos_framework_Example.release.xcconfig"; sourceTree = "<group>"; };
		99215EA208A65AB74CAD7EA7 /* Pods_kratos_framework_Example.framework */ = {isa = PBXFileReference; explicitFileType = wrapper.framework; includeInIndex = 0; path = Pods_kratos_framework_Example.framework; sourceTree = BUILT_PRODUCTS_DIR; };
		9F9858E03110F9B01D266C77 /* Pods-kratos_framework_Example.debug.xcconfig */ = {isa = PBXFileReference; includeInIndex = 1; lastKnownFileType = text.xcconfig; name = "Pods-kratos_framework_Example.debug.xcconfig"; path = "Pods/Target Support Files/Pods-kratos_framework_Example/Pods-kratos_framework_Example.debug.xcconfig"; sourceTree = "<group>"; };
		C0F9BC1BD0236A901E16471B /* Pods-kratos_framework_Tests.debug.xcconfig */ = {isa = PBXFileReference; includeInIndex = 1; lastKnownFileType = text.xcconfig; name = "Pods-kratos_framework_Tests.debug.xcconfig"; path = "Pods/Target Support Files/Pods-kratos_framework_Tests/Pods-kratos_framework_Tests.debug.xcconfig"; sourceTree = "<group>"; };
		F2ECE6752362C0F88313D100 /* LICENSE */ = {isa = PBXFileReference; includeInIndex = 1; lastKnownFileType = text; name = LICENSE; path = ../LICENSE; sourceTree = "<group>"; };
/* End PBXFileReference section */

/* Begin PBXFrameworksBuildPhase section */
		6003F587195388D20070C39A /* Frameworks */ = {
			isa = PBXFrameworksBuildPhase;
			buildActionMask = 2147483647;
			files = (
				6003F590195388D20070C39A /* CoreGraphics.framework in Frameworks */,
				6003F592195388D20070C39A /* UIKit.framework in Frameworks */,
				6003F58E195388D20070C39A /* Foundation.framework in Frameworks */,
				07D434EA0FF434979577FB01 /* Pods_kratos_framework_Example.framework in Frameworks */,
			);
			runOnlyForDeploymentPostprocessing = 0;
		};
		6003F5AB195388D20070C39A /* Frameworks */ = {
			isa = PBXFrameworksBuildPhase;
			buildActionMask = 2147483647;
			files = (
				6003F5B0195388D20070C39A /* XCTest.framework in Frameworks */,
				6003F5B2195388D20070C39A /* UIKit.framework in Frameworks */,
				6003F5B1195388D20070C39A /* Foundation.framework in Frameworks */,
				6B7ADF0A608DAB04A59C9453 /* Pods_kratos_framework_Tests.framework in Frameworks */,
			);
			runOnlyForDeploymentPostprocessing = 0;
		};
/* End PBXFrameworksBuildPhase section */

/* Begin PBXGroup section */
		3440325321800A7C0012F468 /* Cate */ = {
			isa = PBXGroup;
			children = (
				3440325A2180163B0012F468 /* UIImage+kkkk_LoadBundleImage.h */,
				3440325B2180163B0012F468 /* UIImage+kkkk_LoadBundleImage.m */,
				34403270218091E90012F468 /* UIView+kkk_viewExtionsion.h */,
				34403271218091E90012F468 /* UIView+kkk_viewExtionsion.m */,
			);
			path = Cate;
			sourceTree = "<group>";
		};
		345699AC217F376D007DB410 /* cls */ = {
			isa = PBXGroup;
			children = (
				34F97A632181D02E004E8D55 /* Protocol */,
				34F97A582181C270004E8D55 /* Presenter */,
				345699B4217F376D007DB410 /* k_const.h */,
				345699F3217F376D007DB410 /* single.h */,
				345699AD217F376D007DB410 /* aa_bbPlatform_aa_bb.h */,
				345699AE217F376D007DB410 /* aa_bbPlatform_aa_bb.m */,
				3440325D21801E230012F468 /* fwfweew_Tool.h */,
				3440325E21801E230012F468 /* fwfweew_Tool.m */,
				3440325321800A7C0012F468 /* Cate */,
				345699AF217F376D007DB410 /* Controller */,
				345699B5217F376D007DB410 /* Lib */,
				345699F4217F376D007DB410 /* View */,
			);
			name = cls;
			path = ../../kratos_framework/Classes/cls;
			sourceTree = "<group>";
		};
		345699AF217F376D007DB410 /* Controller */ = {
			isa = PBXGroup;
			children = (
				345699B0217F376D007DB410 /* ffffff_baseViewController.h */,
				345699B1217F376D007DB410 /* ffffff_baseViewController.m */,
				345699B2217F376D007DB410 /* fffffff_MainViewController.h */,
				345699B3217F376D007DB410 /* fffffff_MainViewController.m */,
				34F97A552181C10D004E8D55 /* Kratos_LongZhuLogin.h */,
				34F97A562181C10D004E8D55 /* Kratos_LongZhuLogin.m */,
				346F619C2186E32A003F1833 /* Kratos_RegisterVC.h */,
				346F619D2186E32A003F1833 /* Kratos_RegisterVC.m */,
				346F61A821870C06003F1833 /* Kratos_ForgotVC.h */,
				346F61A921870C06003F1833 /* Kratos_ForgotVC.m */,
				34248C4E2187ECCB003C2734 /* Kratos_QuickLoginVC.h */,
				34248C4F2187ECCB003C2734 /* Kratos_QuickLoginVC.m */,
			);
			path = Controller;
			sourceTree = "<group>";
		};
		345699B5217F376D007DB410 /* Lib */ = {
			isa = PBXGroup;
			children = (
				345699B6217F376D007DB410 /* AFNetworking */,
				345699C4217F376D007DB410 /* Masonry */,
				345699DE217F376D007DB410 /* MBProgressHUD */,
				345699E5217F376D007DB410 /* Toast */,
			);
			path = Lib;
			sourceTree = "<group>";
		};
		345699B6217F376D007DB410 /* AFNetworking */ = {
			isa = PBXGroup;
			children = (
				345699B7217F376D007DB410 /* AFHTTPSessionManager.h */,
				345699B8217F376D007DB410 /* AFHTTPSessionManager.m */,
				345699B9217F376D007DB410 /* AFNetworking.h */,
				345699BA217F376D007DB410 /* AFNetworkReachabilityManager.h */,
				345699BB217F376D007DB410 /* AFNetworkReachabilityManager.m */,
				345699BC217F376D007DB410 /* AFSecurityPolicy.h */,
				345699BD217F376D007DB410 /* AFSecurityPolicy.m */,
				345699BE217F376D007DB410 /* AFURLRequestSerialization.h */,
				345699BF217F376D007DB410 /* AFURLRequestSerialization.m */,
				345699C0217F376D007DB410 /* AFURLResponseSerialization.h */,
				345699C1217F376D007DB410 /* AFURLResponseSerialization.m */,
				345699C2217F376D007DB410 /* AFURLSessionManager.h */,
				345699C3217F376D007DB410 /* AFURLSessionManager.m */,
			);
			path = AFNetworking;
			sourceTree = "<group>";
		};
		345699C4217F376D007DB410 /* Masonry */ = {
			isa = PBXGroup;
			children = (
				345699C5217F376D007DB410 /* MASCompositeConstraint.h */,
				345699C6217F376D007DB410 /* MASCompositeConstraint.m */,
				345699C7217F376D007DB410 /* MASConstraint+Private.h */,
				345699C8217F376D007DB410 /* MASConstraint.h */,
				345699C9217F376D007DB410 /* MASConstraint.m */,
				345699CA217F376D007DB410 /* MASConstraintMaker.h */,
				345699CB217F376D007DB410 /* MASConstraintMaker.m */,
				345699CC217F376D007DB410 /* MASLayoutConstraint.h */,
				345699CD217F376D007DB410 /* MASLayoutConstraint.m */,
				345699CE217F376D007DB410 /* Masonry.h */,
				345699CF217F376D007DB410 /* MASUtilities.h */,
				345699D0217F376D007DB410 /* MASViewAttribute.h */,
				345699D1217F376D007DB410 /* MASViewAttribute.m */,
				345699D2217F376D007DB410 /* MASViewConstraint.h */,
				345699D3217F376D007DB410 /* MASViewConstraint.m */,
				345699D4217F376D007DB410 /* NSArray+MASAdditions.h */,
				345699D5217F376D007DB410 /* NSArray+MASAdditions.m */,
				345699D6217F376D007DB410 /* NSArray+MASShorthandAdditions.h */,
				345699D7217F376D007DB410 /* NSLayoutConstraint+MASDebugAdditions.h */,
				345699D8217F376D007DB410 /* NSLayoutConstraint+MASDebugAdditions.m */,
				345699D9217F376D007DB410 /* View+MASAdditions.h */,
				345699DA217F376D007DB410 /* View+MASAdditions.m */,
				345699DB217F376D007DB410 /* View+MASShorthandAdditions.h */,
				345699DC217F376D007DB410 /* ViewController+MASAdditions.h */,
				345699DD217F376D007DB410 /* ViewController+MASAdditions.m */,
			);
			path = Masonry;
			sourceTree = "<group>";
		};
		345699DE217F376D007DB410 /* MBProgressHUD */ = {
			isa = PBXGroup;
			children = (
				345699DF217F376D007DB410 /* LICENSE */,
				345699E0217F376D007DB410 /* MBProgressHUD.h */,
				345699E1217F376D007DB410 /* MBProgressHUD.m */,
				345699E2217F376D007DB410 /* README.mdown */,
				345699E3217F376D007DB410 /* TYProgressHUD.h */,
				345699E4217F376D007DB410 /* TYProgressHUD.m */,
			);
			path = MBProgressHUD;
			sourceTree = "<group>";
		};
		345699E5217F376D007DB410 /* Toast */ = {
			isa = PBXGroup;
			children = (
				345699E6217F376D007DB410 /* Example */,
				345699EB217F376D007DB410 /* Resources */,
				345699EE217F376D007DB410 /* Toast */,
				345699F1217F376D007DB410 /* Toast-Info.plist */,
				345699F2217F376D007DB410 /* Toast-Prefix.pch */,
			);
			path = Toast;
			sourceTree = "<group>";
		};
		345699E6217F376D007DB410 /* Example */ = {
			isa = PBXGroup;
			children = (
				345699E7217F376D007DB410 /* CSAppDelegate.h */,
				345699E8217F376D007DB410 /* CSAppDelegate.m */,
				345699E9217F376D007DB410 /* CSViewController.h */,
				345699EA217F376D007DB410 /* CSViewController.m */,
			);
			path = Example;
			sourceTree = "<group>";
		};
		345699EB217F376D007DB410 /* Resources */ = {
			isa = PBXGroup;
			children = (
				345699EC217F376D007DB410 /* images */,
			);
			path = Resources;
			sourceTree = "<group>";
		};
		345699EC217F376D007DB410 /* images */ = {
			isa = PBXGroup;
			children = (
				345699ED217F376D007DB410 /* toast.png */,
			);
			path = images;
			sourceTree = "<group>";
		};
		345699EE217F376D007DB410 /* Toast */ = {
			isa = PBXGroup;
			children = (
				345699EF217F376D007DB410 /* UIView+Toast.h */,
				345699F0217F376D007DB410 /* UIView+Toast.m */,
			);
			path = Toast;
			sourceTree = "<group>";
		};
		345699F4217F376D007DB410 /* View */ = {
			isa = PBXGroup;
			children = (
				346F61A52186E546003F1833 /* Kratos_baseView.h */,
				346F61A62186E546003F1833 /* Kratos_baseView.m */,
				346F617A2186E29C003F1833 /* Account */,
				346F617F2186E29C003F1833 /* Mobile */,
				346F61852186E29C003F1833 /* module */,
				346F61842186E29C003F1833 /* Register */,
			);
			path = View;
			sourceTree = "<group>";
		};
		346F617A2186E29C003F1833 /* Account */ = {
			isa = PBXGroup;
			children = (
				346F617D2186E29C003F1833 /* Kratos_longzhuloginView.h */,
				346F617E2186E29C003F1833 /* Kratos_longzhuloginView.m */,
				346F617B2186E29C003F1833 /* Kratos_longzhuInputView.h */,
				346F617C2186E29C003F1833 /* Kratos_longzhuInputView.m */,
				347A99D121894BC5002E8B6D /* Kratos_QuickView.h */,
				347A99D221894BC5002E8B6D /* Kratos_QuickView.m */,
				347A99D421894FF9002E8B6D /* Kratos_QuickInputView.h */,
				347A99D521894FF9002E8B6D /* Kratos_QuickInputView.m */,
			);
			path = Account;
			sourceTree = "<group>";
		};
		346F617F2186E29C003F1833 /* Mobile */ = {
			isa = PBXGroup;
			children = (
				346F61802186E29C003F1833 /* aa_bb_account_bb_aa.h */,
				346F61812186E29C003F1833 /* aa_bb_account_bb_aa.m */,
				346F61822186E29C003F1833 /* wefwe_InputView.h */,
				346F61832186E29C003F1833 /* wefwe_InputView.m */,
			);
			path = Mobile;
			sourceTree = "<group>";
		};
		346F61842186E29C003F1833 /* Register */ = {
			isa = PBXGroup;
			children = (
				346F619F2186E380003F1833 /* Kratos_RegisiterView.h */,
				346F61A02186E380003F1833 /* Kratos_RegisiterView.m */,
				346F61A22186E403003F1833 /* Kratos_RegiterInputView.h */,
				346F61A32186E403003F1833 /* Kratos_RegiterInputView.m */,
			);
			path = Register;
			sourceTree = "<group>";
		};
		346F61852186E29C003F1833 /* module */ = {
			isa = PBXGroup;
			children = (
				346F61862186E29C003F1833 /* fiw12_agreeView113.h */,
				346F61872186E29C003F1833 /* fiw12_agreeView113.m */,
				346F61882186E29C003F1833 /* JKCountDownButton.h */,
				346F61892186E29C003F1833 /* JKCountDownButton.m */,
				346F618A2186E29C003F1833 /* kwewf_input.h */,
				346F618B2186E29C003F1833 /* kwewf_input.m */,
				346F618C2186E29C003F1833 /* kwewf_inputCode.h */,
				346F618D2186E29C003F1833 /* kwewf_inputCode.m */,
				346F618E2186E29C003F1833 /* kwewf_phoneinput.h */,
				346F618F2186E29C003F1833 /* kwewf_phoneinput.m */,
				346F61902186E29C003F1833 /* kwewf_pwdinput.h */,
				346F61912186E29C003F1833 /* kwewf_pwdinput.m */,
			);
			path = module;
			sourceTree = "<group>";
		};
		34F97A582181C270004E8D55 /* Presenter */ = {
			isa = PBXGroup;
			children = (
				34F97A592181C281004E8D55 /* Kratos_Presenter.h */,
				34F97A5A2181C281004E8D55 /* Kratos_Presenter.m */,
				34F97A5D2181CEF8004E8D55 /* Kratos_HttpPresenter.h */,
				34F97A5E2181CEF8004E8D55 /* Kratos_HttpPresenter.m */,
				34F97A602181D007004E8D55 /* Kratos_MainViewControllerPresenter.h */,
				34F97A612181D007004E8D55 /* Kratos_MainViewControllerPresenter.m */,
			);
			path = Presenter;
			sourceTree = "<group>";
		};
		34F97A632181D02E004E8D55 /* Protocol */ = {
			isa = PBXGroup;
			children = (
				34F97A642181D0ED004E8D55 /* Kratos_LoadDataProtocol.h */,
			);
			path = Protocol;
			sourceTree = "<group>";
		};
		6003F581195388D10070C39A = {
			isa = PBXGroup;
			children = (
				60FF7A9C1954A5C5007DD14C /* Podspec Metadata */,
				6003F593195388D20070C39A /* Example for kratos_framework */,
				6003F5B5195388D20070C39A /* Tests */,
				6003F58C195388D20070C39A /* Frameworks */,
				6003F58B195388D20070C39A /* Products */,
				DB8E241D491056523F8954E6 /* Pods */,
			);
			sourceTree = "<group>";
		};
		6003F58B195388D20070C39A /* Products */ = {
			isa = PBXGroup;
			children = (
				6003F58A195388D20070C39A /* kratos_framework_Example.app */,
				6003F5AE195388D20070C39A /* kratos_framework_Tests.xctest */,
			);
			name = Products;
			sourceTree = "<group>";
		};
		6003F58C195388D20070C39A /* Frameworks */ = {
			isa = PBXGroup;
			children = (
				6003F58D195388D20070C39A /* Foundation.framework */,
				6003F58F195388D20070C39A /* CoreGraphics.framework */,
				6003F591195388D20070C39A /* UIKit.framework */,
				6003F5AF195388D20070C39A /* XCTest.framework */,
				99215EA208A65AB74CAD7EA7 /* Pods_kratos_framework_Example.framework */,
				364F8FD93351131546BD8AA4 /* Pods_kratos_framework_Tests.framework */,
			);
			name = Frameworks;
			sourceTree = "<group>";
		};
		6003F593195388D20070C39A /* Example for kratos_framework */ = {
			isa = PBXGroup;
			children = (
				345699AC217F376D007DB410 /* cls */,
				6003F59C195388D20070C39A /* Kratos_AppDelegate.h */,
				6003F59D195388D20070C39A /* Kratos_AppDelegate.m */,
				873B8AEA1B1F5CCA007FD442 /* Main.storyboard */,
				6003F5A5195388D20070C39A /* Kratos_ViewController.h */,
				6003F5A6195388D20070C39A /* Kratos_ViewController.m */,
				71719F9D1E33DC2100824A3D /* LaunchScreen.storyboard */,
				6003F5A8195388D20070C39A /* Images.xcassets */,
				6003F594195388D20070C39A /* Supporting Files */,
			);
			name = "Example for kratos_framework";
			path = kratos_framework;
			sourceTree = "<group>";
		};
		6003F594195388D20070C39A /* Supporting Files */ = {
			isa = PBXGroup;
			children = (
				6003F595195388D20070C39A /* kratos_framework-Info.plist */,
				6003F596195388D20070C39A /* InfoPlist.strings */,
				6003F599195388D20070C39A /* main.m */,
				6003F59B195388D20070C39A /* kratos_framework-Prefix.pch */,
			);
			name = "Supporting Files";
			sourceTree = "<group>";
		};
		6003F5B5195388D20070C39A /* Tests */ = {
			isa = PBXGroup;
			children = (
				6003F5BB195388D20070C39A /* Tests.m */,
				6003F5B6195388D20070C39A /* Supporting Files */,
			);
			path = Tests;
			sourceTree = "<group>";
		};
		6003F5B6195388D20070C39A /* Supporting Files */ = {
			isa = PBXGroup;
			children = (
				6003F5B7195388D20070C39A /* Tests-Info.plist */,
				6003F5B8195388D20070C39A /* InfoPlist.strings */,
				606FC2411953D9B200FFA9A0 /* Tests-Prefix.pch */,
			);
			name = "Supporting Files";
			sourceTree = "<group>";
		};
		60FF7A9C1954A5C5007DD14C /* Podspec Metadata */ = {
			isa = PBXGroup;
			children = (
				57C757635FCE80BA98C716E2 /* kratos_framework.podspec */,
				0F93714AE47D1B29B303E416 /* README.md */,
				F2ECE6752362C0F88313D100 /* LICENSE */,
			);
			name = "Podspec Metadata";
			sourceTree = "<group>";
		};
		DB8E241D491056523F8954E6 /* Pods */ = {
			isa = PBXGroup;
			children = (
				9F9858E03110F9B01D266C77 /* Pods-kratos_framework_Example.debug.xcconfig */,
				96D159D0DD566E8C47C49B79 /* Pods-kratos_framework_Example.release.xcconfig */,
				C0F9BC1BD0236A901E16471B /* Pods-kratos_framework_Tests.debug.xcconfig */,
				50FB6E8781DBEDA46BB52168 /* Pods-kratos_framework_Tests.release.xcconfig */,
			);
			name = Pods;
			sourceTree = "<group>";
		};
/* End PBXGroup section */

/* Begin PBXNativeTarget section */
		6003F589195388D20070C39A /* kratos_framework_Example */ = {
			isa = PBXNativeTarget;
			buildConfigurationList = 6003F5BF195388D20070C39A /* Build configuration list for PBXNativeTarget "kratos_framework_Example" */;
			buildPhases = (
				0F422BB20E1C3A95BE72BF79 /* [CP] Check Pods Manifest.lock */,
				6003F586195388D20070C39A /* Sources */,
				6003F587195388D20070C39A /* Frameworks */,
				6003F588195388D20070C39A /* Resources */,
				ECA94382A0223752E2A6F43A /* [CP] Embed Pods Frameworks */,
			);
			buildRules = (
			);
			dependencies = (
			);
			name = kratos_framework_Example;
			productName = kratos_framework;
			productReference = 6003F58A195388D20070C39A /* kratos_framework_Example.app */;
			productType = "com.apple.product-type.application";
		};
		6003F5AD195388D20070C39A /* kratos_framework_Tests */ = {
			isa = PBXNativeTarget;
			buildConfigurationList = 6003F5C2195388D20070C39A /* Build configuration list for PBXNativeTarget "kratos_framework_Tests" */;
			buildPhases = (
				FC157CC550DC54B71290D292 /* [CP] Check Pods Manifest.lock */,
				6003F5AA195388D20070C39A /* Sources */,
				6003F5AB195388D20070C39A /* Frameworks */,
				6003F5AC195388D20070C39A /* Resources */,
			);
			buildRules = (
			);
			dependencies = (
				6003F5B4195388D20070C39A /* PBXTargetDependency */,
			);
			name = kratos_framework_Tests;
			productName = kratos_frameworkTests;
			productReference = 6003F5AE195388D20070C39A /* kratos_framework_Tests.xctest */;
			productType = "com.apple.product-type.bundle.unit-test";
		};
/* End PBXNativeTarget section */

/* Begin PBXProject section */
		6003F582195388D10070C39A /* Project object */ = {
			isa = PBXProject;
			attributes = {
				CLASSPREFIX = Kratos_;
				LastUpgradeCheck = 0720;
				ORGANIZATIONNAME = kratos_framework;
				TargetAttributes = {
					6003F589195388D20070C39A = {
						DevelopmentTeam = 33WUTZP44D;
					};
					6003F5AD195388D20070C39A = {
						TestTargetID = 6003F589195388D20070C39A;
					};
				};
			};
			buildConfigurationList = 6003F585195388D10070C39A /* Build configuration list for PBXProject "kratos_framework" */;
			compatibilityVersion = "Xcode 3.2";
			developmentRegion = English;
			hasScannedForEncodings = 0;
			knownRegions = (
				en,
				Base,
			);
			mainGroup = 6003F581195388D10070C39A;
			productRefGroup = 6003F58B195388D20070C39A /* Products */;
			projectDirPath = "";
			projectRoot = "";
			targets = (
				6003F589195388D20070C39A /* kratos_framework_Example */,
				6003F5AD195388D20070C39A /* kratos_framework_Tests */,
			);
		};
/* End PBXProject section */

/* Begin PBXResourcesBuildPhase section */
		6003F588195388D20070C39A /* Resources */ = {
			isa = PBXResourcesBuildPhase;
			buildActionMask = 2147483647;
			files = (
				873B8AEB1B1F5CCA007FD442 /* Main.storyboard in Resources */,
				71719F9F1E33DC2100824A3D /* LaunchScreen.storyboard in Resources */,
				6003F5A9195388D20070C39A /* Images.xcassets in Resources */,
				34569A0D217F376D007DB410 /* README.mdown in Resources */,
				6003F598195388D20070C39A /* InfoPlist.strings in Resources */,
				34569A11217F376D007DB410 /* toast.png in Resources */,
				34569A13217F376D007DB410 /* Toast-Info.plist in Resources */,
				34569A0B217F376D007DB410 /* LICENSE in Resources */,
			);
			runOnlyForDeploymentPostprocessing = 0;
		};
		6003F5AC195388D20070C39A /* Resources */ = {
			isa = PBXResourcesBuildPhase;
			buildActionMask = 2147483647;
			files = (
				6003F5BA195388D20070C39A /* InfoPlist.strings in Resources */,
			);
			runOnlyForDeploymentPostprocessing = 0;
		};
/* End PBXResourcesBuildPhase section */

/* Begin PBXShellScriptBuildPhase section */
		0F422BB20E1C3A95BE72BF79 /* [CP] Check Pods Manifest.lock */ = {
			isa = PBXShellScriptBuildPhase;
			buildActionMask = 2147483647;
			files = (
			);
			inputPaths = (
				"${PODS_PODFILE_DIR_PATH}/Podfile.lock",
				"${PODS_ROOT}/Manifest.lock",
			);
			name = "[CP] Check Pods Manifest.lock";
			outputPaths = (
				"$(DERIVED_FILE_DIR)/Pods-kratos_framework_Example-checkManifestLockResult.txt",
			);
			runOnlyForDeploymentPostprocessing = 0;
			shellPath = /bin/sh;
			shellScript = "diff \"${PODS_PODFILE_DIR_PATH}/Podfile.lock\" \"${PODS_ROOT}/Manifest.lock\" > /dev/null\nif [ $? != 0 ] ; then\n    # print error to STDERR\n    echo \"error: The sandbox is not in sync with the Podfile.lock. Run 'pod install' or update your CocoaPods installation.\" >&2\n    exit 1\nfi\n# This output is used by Xcode 'outputs' to avoid re-running this script phase.\necho \"SUCCESS\" > \"${SCRIPT_OUTPUT_FILE_0}\"\n";
			showEnvVarsInLog = 0;
		};
		ECA94382A0223752E2A6F43A /* [CP] Embed Pods Frameworks */ = {
			isa = PBXShellScriptBuildPhase;
			buildActionMask = 2147483647;
			files = (
			);
			inputPaths = (
				"${SRCROOT}/Pods/Target Support Files/Pods-kratos_framework_Example/Pods-kratos_framework_Example-frameworks.sh",
				"${BUILT_PRODUCTS_DIR}/IQKeyboardManager/IQKeyboardManager.framework",
				"${BUILT_PRODUCTS_DIR}/KratosDropDown/KratosDropDown.framework",
				"${BUILT_PRODUCTS_DIR}/kratos_framework/kratos_framework.framework",
			);
			name = "[CP] Embed Pods Frameworks";
			outputPaths = (
				"${TARGET_BUILD_DIR}/${FRAMEWORKS_FOLDER_PATH}/IQKeyboardManager.framework",
				"${TARGET_BUILD_DIR}/${FRAMEWORKS_FOLDER_PATH}/KratosDropDown.framework",
				"${TARGET_BUILD_DIR}/${FRAMEWORKS_FOLDER_PATH}/kratos_framework.framework",
			);
			runOnlyForDeploymentPostprocessing = 0;
			shellPath = /bin/sh;
			shellScript = "\"${SRCROOT}/Pods/Target Support Files/Pods-kratos_framework_Example/Pods-kratos_framework_Example-frameworks.sh\"\n";
			showEnvVarsInLog = 0;
		};
		FC157CC550DC54B71290D292 /* [CP] Check Pods Manifest.lock */ = {
			isa = PBXShellScriptBuildPhase;
			buildActionMask = 2147483647;
			files = (
			);
			inputPaths = (
				"${PODS_PODFILE_DIR_PATH}/Podfile.lock",
				"${PODS_ROOT}/Manifest.lock",
			);
			name = "[CP] Check Pods Manifest.lock";
			outputPaths = (
				"$(DERIVED_FILE_DIR)/Pods-kratos_framework_Tests-checkManifestLockResult.txt",
			);
			runOnlyForDeploymentPostprocessing = 0;
			shellPath = /bin/sh;
			shellScript = "diff \"${PODS_PODFILE_DIR_PATH}/Podfile.lock\" \"${PODS_ROOT}/Manifest.lock\" > /dev/null\nif [ $? != 0 ] ; then\n    # print error to STDERR\n    echo \"error: The sandbox is not in sync with the Podfile.lock. Run 'pod install' or update your CocoaPods installation.\" >&2\n    exit 1\nfi\n# This output is used by Xcode 'outputs' to avoid re-running this script phase.\necho \"SUCCESS\" > \"${SCRIPT_OUTPUT_FILE_0}\"\n";
			showEnvVarsInLog = 0;
		};
/* End PBXShellScriptBuildPhase section */

/* Begin PBXSourcesBuildPhase section */
		6003F586195388D20070C39A /* Sources */ = {
			isa = PBXSourcesBuildPhase;
			buildActionMask = 2147483647;
			files = (
				34569A12217F376D007DB410 /* UIView+Toast.m in Sources */,
				346F61922186E29C003F1833 /* Kratos_longzhuInputView.m in Sources */,
				6003F59E195388D20070C39A /* Kratos_AppDelegate.m in Sources */,
				34569A07217F376D007DB410 /* NSArray+MASAdditions.m in Sources */,
				3440325F21801E230012F468 /* fwfweew_Tool.m in Sources */,
				34569A0C217F376D007DB410 /* MBProgressHUD.m in Sources */,
				346F61952186E29C003F1833 /* wefwe_InputView.m in Sources */,
				345699FD217F376D007DB410 /* AFSecurityPolicy.m in Sources */,
				346F61982186E29C003F1833 /* kwewf_input.m in Sources */,
				34569A08217F376D007DB410 /* NSLayoutConstraint+MASDebugAdditions.m in Sources */,
				34403272218091E90012F468 /* UIView+kkk_viewExtionsion.m in Sources */,
				347A99D321894BC5002E8B6D /* Kratos_QuickView.m in Sources */,
				6003F5A7195388D20070C39A /* Kratos_ViewController.m in Sources */,
				345699F8217F376D007DB410 /* aa_bbPlatform_aa_bb.m in Sources */,
				34569A05217F376D007DB410 /* MASViewAttribute.m in Sources */,
				34569A10217F376D007DB410 /* CSViewController.m in Sources */,
				34569A04217F376D007DB410 /* MASLayoutConstraint.m in Sources */,
				34569A01217F376D007DB410 /* MASCompositeConstraint.m in Sources */,
				345699FF217F376D007DB410 /* AFURLResponseSerialization.m in Sources */,
				345699F9217F376D007DB410 /* ffffff_baseViewController.m in Sources */,
				346F61AA21870C06003F1833 /* Kratos_ForgotVC.m in Sources */,
				347A99D621894FF9002E8B6D /* Kratos_QuickInputView.m in Sources */,
				346F61A12186E380003F1833 /* Kratos_RegisiterView.m in Sources */,
				34569A06217F376D007DB410 /* MASViewConstraint.m in Sources */,
				346F619E2186E32A003F1833 /* Kratos_RegisterVC.m in Sources */,
				34F97A5F2181CEF8004E8D55 /* Kratos_HttpPresenter.m in Sources */,
				345699FA217F376D007DB410 /* fffffff_MainViewController.m in Sources */,
				34F97A622181D007004E8D55 /* Kratos_MainViewControllerPresenter.m in Sources */,
				34F97A5B2181C281004E8D55 /* Kratos_Presenter.m in Sources */,
				345699FB217F376D007DB410 /* AFHTTPSessionManager.m in Sources */,
				34F97A572181C10E004E8D55 /* Kratos_LongZhuLogin.m in Sources */,
				345699FE217F376D007DB410 /* AFURLRequestSerialization.m in Sources */,
				34569A00217F376D007DB410 /* AFURLSessionManager.m in Sources */,
				34569A0A217F376D007DB410 /* ViewController+MASAdditions.m in Sources */,
				346F61A42186E403003F1833 /* Kratos_RegiterInputView.m in Sources */,
				346F61962186E29C003F1833 /* fiw12_agreeView113.m in Sources */,
				34569A03217F376D007DB410 /* MASConstraintMaker.m in Sources */,
				346F619A2186E29C003F1833 /* kwewf_phoneinput.m in Sources */,
				345699FC217F376D007DB410 /* AFNetworkReachabilityManager.m in Sources */,
				346F619B2186E29C003F1833 /* kwewf_pwdinput.m in Sources */,
				34248C502187ECCB003C2734 /* Kratos_QuickLoginVC.m in Sources */,
				346F61A72186E546003F1833 /* Kratos_baseView.m in Sources */,
				346F61992186E29C003F1833 /* kwewf_inputCode.m in Sources */,
				346F61942186E29C003F1833 /* aa_bb_account_bb_aa.m in Sources */,
				346F61972186E29C003F1833 /* JKCountDownButton.m in Sources */,
				34569A02217F376D007DB410 /* MASConstraint.m in Sources */,
				346F61932186E29C003F1833 /* Kratos_longzhuloginView.m in Sources */,
				34569A0E217F376D007DB410 /* TYProgressHUD.m in Sources */,
				6003F59A195388D20070C39A /* main.m in Sources */,
				3440325C2180163B0012F468 /* UIImage+kkkk_LoadBundleImage.m in Sources */,
				34569A0F217F376D007DB410 /* CSAppDelegate.m in Sources */,
				34569A09217F376D007DB410 /* View+MASAdditions.m in Sources */,
			);
			runOnlyForDeploymentPostprocessing = 0;
		};
		6003F5AA195388D20070C39A /* Sources */ = {
			isa = PBXSourcesBuildPhase;
			buildActionMask = 2147483647;
			files = (
				6003F5BC195388D20070C39A /* Tests.m in Sources */,
			);
			runOnlyForDeploymentPostprocessing = 0;
		};
/* End PBXSourcesBuildPhase section */

/* Begin PBXTargetDependency section */
		6003F5B4195388D20070C39A /* PBXTargetDependency */ = {
			isa = PBXTargetDependency;
			target = 6003F589195388D20070C39A /* kratos_framework_Example */;
			targetProxy = 6003F5B3195388D20070C39A /* PBXContainerItemProxy */;
		};
/* End PBXTargetDependency section */

/* Begin PBXVariantGroup section */
		6003F596195388D20070C39A /* InfoPlist.strings */ = {
			isa = PBXVariantGroup;
			children = (
				6003F597195388D20070C39A /* en */,
			);
			name = InfoPlist.strings;
			sourceTree = "<group>";
		};
		6003F5B8195388D20070C39A /* InfoPlist.strings */ = {
			isa = PBXVariantGroup;
			children = (
				6003F5B9195388D20070C39A /* en */,
			);
			name = InfoPlist.strings;
			sourceTree = "<group>";
		};
		71719F9D1E33DC2100824A3D /* LaunchScreen.storyboard */ = {
			isa = PBXVariantGroup;
			children = (
				71719F9E1E33DC2100824A3D /* Base */,
			);
			name = LaunchScreen.storyboard;
			sourceTree = "<group>";
		};
/* End PBXVariantGroup section */

/* Begin XCBuildConfiguration section */
		6003F5BD195388D20070C39A /* Debug */ = {
			isa = XCBuildConfiguration;
			buildSettings = {
				ALWAYS_SEARCH_USER_PATHS = NO;
				CLANG_CXX_LANGUAGE_STANDARD = "gnu++0x";
				CLANG_CXX_LIBRARY = "libc++";
				CLANG_ENABLE_MODULES = YES;
				CLANG_ENABLE_OBJC_ARC = YES;
				CLANG_WARN_BOOL_CONVERSION = YES;
				CLANG_WARN_CONSTANT_CONVERSION = YES;
				CLANG_WARN_DIRECT_OBJC_ISA_USAGE = YES_ERROR;
				CLANG_WARN_EMPTY_BODY = YES;
				CLANG_WARN_ENUM_CONVERSION = YES;
				CLANG_WARN_INT_CONVERSION = YES;
				CLANG_WARN_OBJC_ROOT_CLASS = YES_ERROR;
				CLANG_WARN__DUPLICATE_METHOD_MATCH = YES;
				"CODE_SIGN_IDENTITY[sdk=iphoneos*]" = "iPhone Developer";
				COPY_PHASE_STRIP = NO;
				ENABLE_TESTABILITY = YES;
				GCC_C_LANGUAGE_STANDARD = gnu99;
				GCC_DYNAMIC_NO_PIC = NO;
				GCC_OPTIMIZATION_LEVEL = 0;
				GCC_PREPROCESSOR_DEFINITIONS = (
					"DEBUG=1",
					"$(inherited)",
				);
				GCC_SYMBOLS_PRIVATE_EXTERN = NO;
				GCC_WARN_64_TO_32_BIT_CONVERSION = YES;
				GCC_WARN_ABOUT_RETURN_TYPE = YES_ERROR;
				GCC_WARN_UNDECLARED_SELECTOR = YES;
				GCC_WARN_UNINITIALIZED_AUTOS = YES_AGGRESSIVE;
				GCC_WARN_UNUSED_FUNCTION = YES;
				GCC_WARN_UNUSED_VARIABLE = YES;
				IPHONEOS_DEPLOYMENT_TARGET = 9.3;
				ONLY_ACTIVE_ARCH = YES;
				SDKROOT = iphoneos;
				TARGETED_DEVICE_FAMILY = "1,2";
			};
			name = Debug;
		};
		6003F5BE195388D20070C39A /* Release */ = {
			isa = XCBuildConfiguration;
			buildSettings = {
				ALWAYS_SEARCH_USER_PATHS = NO;
				CLANG_CXX_LANGUAGE_STANDARD = "gnu++0x";
				CLANG_CXX_LIBRARY = "libc++";
				CLANG_ENABLE_MODULES = YES;
				CLANG_ENABLE_OBJC_ARC = YES;
				CLANG_WARN_BOOL_CONVERSION = YES;
				CLANG_WARN_CONSTANT_CONVERSION = YES;
				CLANG_WARN_DIRECT_OBJC_ISA_USAGE = YES_ERROR;
				CLANG_WARN_EMPTY_BODY = YES;
				CLANG_WARN_ENUM_CONVERSION = YES;
				CLANG_WARN_INT_CONVERSION = YES;
				CLANG_WARN_OBJC_ROOT_CLASS = YES_ERROR;
				CLANG_WARN__DUPLICATE_METHOD_MATCH = YES;
				"CODE_SIGN_IDENTITY[sdk=iphoneos*]" = "iPhone Developer";
				COPY_PHASE_STRIP = YES;
				ENABLE_NS_ASSERTIONS = NO;
				GCC_C_LANGUAGE_STANDARD = gnu99;
				GCC_WARN_64_TO_32_BIT_CONVERSION = YES;
				GCC_WARN_ABOUT_RETURN_TYPE = YES_ERROR;
				GCC_WARN_UNDECLARED_SELECTOR = YES;
				GCC_WARN_UNINITIALIZED_AUTOS = YES_AGGRESSIVE;
				GCC_WARN_UNUSED_FUNCTION = YES;
				GCC_WARN_UNUSED_VARIABLE = YES;
				IPHONEOS_DEPLOYMENT_TARGET = 9.3;
				SDKROOT = iphoneos;
				TARGETED_DEVICE_FAMILY = "1,2";
				VALIDATE_PRODUCT = YES;
			};
			name = Release;
		};
		6003F5C0195388D20070C39A /* Debug */ = {
			isa = XCBuildConfiguration;
			baseConfigurationReference = 9F9858E03110F9B01D266C77 /* Pods-kratos_framework_Example.debug.xcconfig */;
			buildSettings = {
				ASSETCATALOG_COMPILER_APPICON_NAME = AppIcon;
				DEFINES_MODULE = YES;
				DEVELOPMENT_TEAM = 33WUTZP44D;
				GCC_PRECOMPILE_PREFIX_HEADER = YES;
				GCC_PREFIX_HEADER = "kratos_framework/kratos_framework-Prefix.pch";
				INFOPLIST_FILE = "kratos_framework/kratos_framework-Info.plist";
				IPHONEOS_DEPLOYMENT_TARGET = 10.0;
				MODULE_NAME = ExampleApp;
				PRODUCT_BUNDLE_IDENTIFIER = "com.kratos-framework-Example";
				PRODUCT_NAME = "$(TARGET_NAME)";
				SWIFT_OBJC_INTERFACE_HEADER_NAME = "$(SWIFT_MODULE_NAME)-Swift.h";
				SWIFT_VERSION = 4.0;
				WRAPPER_EXTENSION = app;
			};
			name = Debug;
		};
		6003F5C1195388D20070C39A /* Release */ = {
			isa = XCBuildConfiguration;
			baseConfigurationReference = 96D159D0DD566E8C47C49B79 /* Pods-kratos_framework_Example.release.xcconfig */;
			buildSettings = {
				ASSETCATALOG_COMPILER_APPICON_NAME = AppIcon;
				DEFINES_MODULE = YES;
				DEVELOPMENT_TEAM = 33WUTZP44D;
				GCC_PRECOMPILE_PREFIX_HEADER = YES;
				GCC_PREFIX_HEADER = "kratos_framework/kratos_framework-Prefix.pch";
				INFOPLIST_FILE = "kratos_framework/kratos_framework-Info.plist";
				IPHONEOS_DEPLOYMENT_TARGET = 10.0;
				MODULE_NAME = ExampleApp;
				PRODUCT_BUNDLE_IDENTIFIER = "com.kratos-framework-Example";
				PRODUCT_NAME = "$(TARGET_NAME)";
				SWIFT_OBJC_INTERFACE_HEADER_NAME = "$(SWIFT_MODULE_NAME)-Swift.h";
				SWIFT_VERSION = 4.0;
				WRAPPER_EXTENSION = app;
			};
			name = Release;
		};
		6003F5C3195388D20070C39A /* Debug */ = {
			isa = XCBuildConfiguration;
			baseConfigurationReference = C0F9BC1BD0236A901E16471B /* Pods-kratos_framework_Tests.debug.xcconfig */;
			buildSettings = {
				BUNDLE_LOADER = "$(TEST_HOST)";
				FRAMEWORK_SEARCH_PATHS = (
					"$(SDKROOT)/Developer/Library/Frameworks",
					"$(inherited)",
					"$(DEVELOPER_FRAMEWORKS_DIR)",
				);
				GCC_PRECOMPILE_PREFIX_HEADER = YES;
				GCC_PREFIX_HEADER = "Tests/Tests-Prefix.pch";
				GCC_PREPROCESSOR_DEFINITIONS = (
					"DEBUG=1",
					"$(inherited)",
				);
				INFOPLIST_FILE = "Tests/Tests-Info.plist";
				PRODUCT_BUNDLE_IDENTIFIER = "org.cocoapods.demo.${PRODUCT_NAME:rfc1034identifier}";
				PRODUCT_NAME = "$(TARGET_NAME)";
				TEST_HOST = "$(BUILT_PRODUCTS_DIR)/kratos_framework_Example.app/kratos_framework_Example";
				WRAPPER_EXTENSION = xctest;
			};
			name = Debug;
		};
		6003F5C4195388D20070C39A /* Release */ = {
			isa = XCBuildConfiguration;
			baseConfigurationReference = 50FB6E8781DBEDA46BB52168 /* Pods-kratos_framework_Tests.release.xcconfig */;
			buildSettings = {
				BUNDLE_LOADER = "$(TEST_HOST)";
				FRAMEWORK_SEARCH_PATHS = (
					"$(SDKROOT)/Developer/Library/Frameworks",
					"$(inherited)",
					"$(DEVELOPER_FRAMEWORKS_DIR)",
				);
				GCC_PRECOMPILE_PREFIX_HEADER = YES;
				GCC_PREFIX_HEADER = "Tests/Tests-Prefix.pch";
				INFOPLIST_FILE = "Tests/Tests-Info.plist";
				PRODUCT_BUNDLE_IDENTIFIER = "org.cocoapods.demo.${PRODUCT_NAME:rfc1034identifier}";
				PRODUCT_NAME = "$(TARGET_NAME)";
				TEST_HOST = "$(BUILT_PRODUCTS_DIR)/kratos_framework_Example.app/kratos_framework_Example";
				WRAPPER_EXTENSION = xctest;
			};
			name = Release;
		};
/* End XCBuildConfiguration section */

/* Begin XCConfigurationList section */
		6003F585195388D10070C39A /* Build configuration list for PBXProject "kratos_framework" */ = {
			isa = XCConfigurationList;
			buildConfigurations = (
				6003F5BD195388D20070C39A /* Debug */,
				6003F5BE195388D20070C39A /* Release */,
			);
			defaultConfigurationIsVisible = 0;
			defaultConfigurationName = Release;
		};
		6003F5BF195388D20070C39A /* Build configuration list for PBXNativeTarget "kratos_framework_Example" */ = {
			isa = XCConfigurationList;
			buildConfigurations = (
				6003F5C0195388D20070C39A /* Debug */,
				6003F5C1195388D20070C39A /* Release */,
			);
			defaultConfigurationIsVisible = 0;
			defaultConfigurationName = Release;
		};
		6003F5C2195388D20070C39A /* Build configuration list for PBXNativeTarget "kratos_framework_Tests" */ = {
			isa = XCConfigurationList;
			buildConfigurations = (
				6003F5C3195388D20070C39A /* Debug */,
				6003F5C4195388D20070C39A /* Release */,
			);
			defaultConfigurationIsVisible = 0;
			defaultConfigurationName = Release;
		};
/* End XCConfigurationList section */
	};
	rootObject = 6003F582195388D10070C39A /* Project object */;
}
